
Microsoft Visual Studio Solution File, Format Version 12.00
# Visual Studio 15
VisualStudioVersion = 15.0.26730.10
MinimumVisualStudioVersion = 10.0.40219.1
Project("{FAE04EC0-301F-11D3-BF4B-00C04F79EFBC}") = "25.09.2025", "25.09.2025\25.09.2025.csproj", "{87530645-13DA-4E7F-B667-7F15CA21C954}"
EndProject
Project("{FAE04EC0-301F-11D3-BF4B-00C04F79EFBC}") = "2razadacha", "2razadacha\2razadacha.csproj", "{535FC8E7-E564-4618-BDDE-7EDF5E2709BB}"
EndProject
Global
	GlobalSection(SolutionConfigurationPlatforms) = preSolution
		Debug|Any CPU = Debug|Any CPU
		Release|Any CPU = Release|Any CPU
	EndGlobalSection
	GlobalSection(ProjectConfigurationPlatforms) = postSolution
		{87530645-13DA-4E7F-B667-7F15CA21C954}.Debug|Any CPU.ActiveCfg = Debug|Any CPU
		{87530645-13DA-4E7F-B667-7F15CA21C954}.Debug|Any CPU.Build.0 = Debug|Any CPU
		{87530645-13DA-4E7F-B667-7F15CA21C954}.Release|Any CPU.ActiveCfg = Release|Any CPU
		{87530645-13DA-4E7F-B667-7F15CA21C954}.Release|Any CPU.Build.0 = Release|Any CPU
		{535FC8E7-E564-4618-BDDE-7EDF5E2709BB}.Debug|Any CPU.ActiveCfg = Debug|Any CPU
		{535FC8E7-E564-4618-BDDE-7EDF5E2709BB}.Debug|Any CPU.Build.0 = Debug|Any CPU
		{535FC8E7-E564-4618-BDDE-7EDF5E2709BB}.Release|Any CPU.ActiveCfg = Release|Any CPU
		{535FC8E7-E564-4618-BDDE-7EDF5E2709BB}.Release|Any CPU.Build.0 = Release|Any CPU
	EndGlobalSection
	GlobalSection(SolutionProperties) = preSolution
		HideSolutionNode = FALSE
	EndGlobalSection
	GlobalSection(ExtensibilityGlobals) = postSolution
		SolutionGuid = {BEAE4992-B725-43DC-A34C-13B6C718CE5D}
	EndGlobalSection
EndGlobal
