
Microsoft Visual Studio Solution File, Format Version 12.00
# Visual Studio 15
VisualStudioVersion = 15.0.26730.10
MinimumVisualStudioVersion = 10.0.40219.1
Project("{FAE04EC0-301F-11D3-BF4B-00C04F79EFBC}") = "06.11.25", "06.11.25\06.11.25.csproj", "{E932F3F7-0367-4514-B748-14C85E1033A2}"
EndProject
Project("{FAE04EC0-301F-11D3-BF4B-00C04F79EFBC}") = "2ra zadacha", "2ra zadacha\2ra zadacha.csproj", "{8E9917CE-22DA-481B-AD2C-0BEC2C8C2E04}"
EndProject
Global
	GlobalSection(SolutionConfigurationPlatforms) = preSolution
		Debug|Any CPU = Debug|Any CPU
		Release|Any CPU = Release|Any CPU
	EndGlobalSection
	GlobalSection(ProjectConfigurationPlatforms) = postSolution
		{E932F3F7-0367-4514-B748-14C85E1033A2}.Debug|Any CPU.ActiveCfg = Debug|Any CPU
		{E932F3F7-0367-4514-B748-14C85E1033A2}.Debug|Any CPU.Build.0 = Debug|Any CPU
		{E932F3F7-0367-4514-B748-14C85E1033A2}.Release|Any CPU.ActiveCfg = Release|Any CPU
		{E932F3F7-0367-4514-B748-14C85E1033A2}.Release|Any CPU.Build.0 = Release|Any CPU
		{8E9917CE-22DA-481B-AD2C-0BEC2C8C2E04}.Debug|Any CPU.ActiveCfg = Debug|Any CPU
		{8E9917CE-22DA-481B-AD2C-0BEC2C8C2E04}.Debug|Any CPU.Build.0 = Debug|Any CPU
		{8E9917CE-22DA-481B-AD2C-0BEC2C8C2E04}.Release|Any CPU.ActiveCfg = Release|Any CPU
		{8E9917CE-22DA-481B-AD2C-0BEC2C8C2E04}.Release|Any CPU.Build.0 = Release|Any CPU
	EndGlobalSection
	GlobalSection(SolutionProperties) = preSolution
		HideSolutionNode = FALSE
	EndGlobalSection
	GlobalSection(ExtensibilityGlobals) = postSolution
		SolutionGuid = {F195A694-2B9E-4A1E-A55A-D2208DBC08A7}
	EndGlobalSection
EndGlobal
