
Microsoft Visual Studio Solution File, Format Version 12.00
# Visual Studio 15
VisualStudioVersion = 15.0.26730.10
MinimumVisualStudioVersion = 10.0.40219.1
Project("{FAE04EC0-301F-11D3-BF4B-00C04F79EFBC}") = "20.11.25", "20.11.25\20.11.25.csproj", "{133E8EFC-329D-4393-98F5-00A70AE884C3}"
EndProject
Project("{FAE04EC0-301F-11D3-BF4B-00C04F79EFBC}") = "2ra zadacha", "2ra zadacha\2ra zadacha.csproj", "{EE2CA083-94DD-49D4-B4A7-5E5963FE3942}"
EndProject
Global
	GlobalSection(SolutionConfigurationPlatforms) = preSolution
		Debug|Any CPU = Debug|Any CPU
		Release|Any CPU = Release|Any CPU
	EndGlobalSection
	GlobalSection(ProjectConfigurationPlatforms) = postSolution
		{133E8EFC-329D-4393-98F5-00A70AE884C3}.Debug|Any CPU.ActiveCfg = Debug|Any CPU
		{133E8EFC-329D-4393-98F5-00A70AE884C3}.Debug|Any CPU.Build.0 = Debug|Any CPU
		{133E8EFC-329D-4393-98F5-00A70AE884C3}.Release|Any CPU.ActiveCfg = Release|Any CPU
		{133E8EFC-329D-4393-98F5-00A70AE884C3}.Release|Any CPU.Build.0 = Release|Any CPU
		{EE2CA083-94DD-49D4-B4A7-5E5963FE3942}.Debug|Any CPU.ActiveCfg = Debug|Any CPU
		{EE2CA083-94DD-49D4-B4A7-5E5963FE3942}.Debug|Any CPU.Build.0 = Debug|Any CPU
		{EE2CA083-94DD-49D4-B4A7-5E5963FE3942}.Release|Any CPU.ActiveCfg = Release|Any CPU
		{EE2CA083-94DD-49D4-B4A7-5E5963FE3942}.Release|Any CPU.Build.0 = Release|Any CPU
	EndGlobalSection
	GlobalSection(SolutionProperties) = preSolution
		HideSolutionNode = FALSE
	EndGlobalSection
	GlobalSection(ExtensibilityGlobals) = postSolution
		SolutionGuid = {6DBF68F5-A7A6-47AF-BC31-7B2BA6C4F747}
	EndGlobalSection
EndGlobal
