
Microsoft Visual Studio Solution File, Format Version 12.00
# Visual Studio 15
VisualStudioVersion = 15.0.26730.10
MinimumVisualStudioVersion = 10.0.40219.1
Project("{FAE04EC0-301F-11D3-BF4B-00C04F79EFBC}") = "30.10.25", "30.10.25\30.10.25.csproj", "{A2D58806-3BDD-4349-AB26-16B29D535E4E}"
EndProject
Project("{FAE04EC0-301F-11D3-BF4B-00C04F79EFBC}") = "2ra zadacha", "2ra zadacha\2ra zadacha.csproj", "{15386DFF-E13D-46F1-B236-B7D086A0432F}"
EndProject
Global
	GlobalSection(SolutionConfigurationPlatforms) = preSolution
		Debug|Any CPU = Debug|Any CPU
		Release|Any CPU = Release|Any CPU
	EndGlobalSection
	GlobalSection(ProjectConfigurationPlatforms) = postSolution
		{A2D58806-3BDD-4349-AB26-16B29D535E4E}.Debug|Any CPU.ActiveCfg = Debug|Any CPU
		{A2D58806-3BDD-4349-AB26-16B29D535E4E}.Debug|Any CPU.Build.0 = Debug|Any CPU
		{A2D58806-3BDD-4349-AB26-16B29D535E4E}.Release|Any CPU.ActiveCfg = Release|Any CPU
		{A2D58806-3BDD-4349-AB26-16B29D535E4E}.Release|Any CPU.Build.0 = Release|Any CPU
		{15386DFF-E13D-46F1-B236-B7D086A0432F}.Debug|Any CPU.ActiveCfg = Debug|Any CPU
		{15386DFF-E13D-46F1-B236-B7D086A0432F}.Debug|Any CPU.Build.0 = Debug|Any CPU
		{15386DFF-E13D-46F1-B236-B7D086A0432F}.Release|Any CPU.ActiveCfg = Release|Any CPU
		{15386DFF-E13D-46F1-B236-B7D086A0432F}.Release|Any CPU.Build.0 = Release|Any CPU
	EndGlobalSection
	GlobalSection(SolutionProperties) = preSolution
		HideSolutionNode = FALSE
	EndGlobalSection
	GlobalSection(ExtensibilityGlobals) = postSolution
		SolutionGuid = {37635E35-59E3-4D20-A96C-8241CB7E7123}
	EndGlobalSection
EndGlobal
